
Microsoft Visual Studio Solution File, Format Version 12.00
# Visual Studio 15
VisualStudioVersion = 15.0.26206.0
MinimumVisualStudioVersion = 10.0.40219.1
Project("{FAE04EC0-301F-11D3-BF4B-00C04F79EFBC}") = "ProjetoRefugiados.Web", "ProjetoRefugiados.Web\ProjetoRefugiados.Web.csproj", "{FA0F4C1B-0B6A-4C8D-A4AF-F8B8EAA04AC2}"
EndProject
Project("{2150E333-8FDC-42A3-9474-1A3956D46DE8}") = "0 - Presentation", "0 - Presentation", "{0909514B-D81B-4F45-886A-9A76E21E18A5}"
EndProject
Project("{2150E333-8FDC-42A3-9474-1A3956D46DE8}") = "1 - Domain", "1 - Domain", "{4E383D17-25BE-4B25-ABE2-8420B2E101A3}"
EndProject
Project("{FAE04EC0-301F-11D3-BF4B-00C04F79EFBC}") = "ProjetoRefugiados.Domain", "ProjetoRefugiados.Domain\ProjetoRefugiados.Domain.csproj", "{499F908C-37D8-44A0-8056-509C58CD3930}"
EndProject
Project("{2150E333-8FDC-42A3-9474-1A3956D46DE8}") = "2 - Infra", "2 - Infra", "{BECE776F-CAB6-4395-940C-D608346ED1AD}"
EndProject
Project("{FAE04EC0-301F-11D3-BF4B-00C04F79EFBC}") = "ProjetoRefugiados.Infra", "ProjetoRefugiados.Infra\ProjetoRefugiados.Infra.csproj", "{F6AA4107-5173-461C-99C2-72761A3B1399}"
EndProject
Global
	GlobalSection(SolutionConfigurationPlatforms) = preSolution
		Debug|Any CPU = Debug|Any CPU
		Release|Any CPU = Release|Any CPU
	EndGlobalSection
	GlobalSection(ProjectConfigurationPlatforms) = postSolution
		{FA0F4C1B-0B6A-4C8D-A4AF-F8B8EAA04AC2}.Debug|Any CPU.ActiveCfg = Debug|Any CPU
		{FA0F4C1B-0B6A-4C8D-A4AF-F8B8EAA04AC2}.Debug|Any CPU.Build.0 = Debug|Any CPU
		{FA0F4C1B-0B6A-4C8D-A4AF-F8B8EAA04AC2}.Release|Any CPU.ActiveCfg = Release|Any CPU
		{FA0F4C1B-0B6A-4C8D-A4AF-F8B8EAA04AC2}.Release|Any CPU.Build.0 = Release|Any CPU
		{499F908C-37D8-44A0-8056-509C58CD3930}.Debug|Any CPU.ActiveCfg = Debug|Any CPU
		{499F908C-37D8-44A0-8056-509C58CD3930}.Debug|Any CPU.Build.0 = Debug|Any CPU
		{499F908C-37D8-44A0-8056-509C58CD3930}.Release|Any CPU.ActiveCfg = Release|Any CPU
		{499F908C-37D8-44A0-8056-509C58CD3930}.Release|Any CPU.Build.0 = Release|Any CPU
		{F6AA4107-5173-461C-99C2-72761A3B1399}.Debug|Any CPU.ActiveCfg = Debug|Any CPU
		{F6AA4107-5173-461C-99C2-72761A3B1399}.Debug|Any CPU.Build.0 = Debug|Any CPU
		{F6AA4107-5173-461C-99C2-72761A3B1399}.Release|Any CPU.ActiveCfg = Release|Any CPU
		{F6AA4107-5173-461C-99C2-72761A3B1399}.Release|Any CPU.Build.0 = Release|Any CPU
	EndGlobalSection
	GlobalSection(SolutionProperties) = preSolution
		HideSolutionNode = FALSE
	EndGlobalSection
	GlobalSection(NestedProjects) = preSolution
		{FA0F4C1B-0B6A-4C8D-A4AF-F8B8EAA04AC2} = {0909514B-D81B-4F45-886A-9A76E21E18A5}
		{499F908C-37D8-44A0-8056-509C58CD3930} = {4E383D17-25BE-4B25-ABE2-8420B2E101A3}
		{F6AA4107-5173-461C-99C2-72761A3B1399} = {BECE776F-CAB6-4395-940C-D608346ED1AD}
	EndGlobalSection
EndGlobal
